// !$*UTF8*$!
{
	archiveVersion = 1;
	classes = {
	};
	objectVersion = 50;
	objects = {

/* Begin PBXBuildFile section */
		2F69558526CC07F100C427A5 /* TypeTableViewCell.swift in Sources */ = {isa = PBXBuildFile; fileRef = 2F69558326CC07F100C427A5 /* TypeTableViewCell.swift */; };
		2F69558626CC07F100C427A5 /* TypeTableViewCell.xib in Resources */ = {isa = PBXBuildFile; fileRef = 2F69558426CC07F100C427A5 /* TypeTableViewCell.xib */; };
		2F9A16B726CAAD160003A642 /* AppDelegate.swift in Sources */ = {isa = PBXBuildFile; fileRef = 2F9A16B626CAAD160003A642 /* AppDelegate.swift */; };
		2F9A16B926CAAD160003A642 /* SceneDelegate.swift in Sources */ = {isa = PBXBuildFile; fileRef = 2F9A16B826CAAD160003A642 /* SceneDelegate.swift */; };
		2F9A16C026CAAD170003A642 /* Assets.xcassets in Resources */ = {isa = PBXBuildFile; fileRef = 2F9A16BF26CAAD170003A642 /* Assets.xcassets */; };
		2F9A16C326CAAD170003A642 /* LaunchScreen.storyboard in Resources */ = {isa = PBXBuildFile; fileRef = 2F9A16C126CAAD170003A642 /* LaunchScreen.storyboard */; };
		2F9A16CC26CAAD600003A642 /* MainViewController.swift in Sources */ = {isa = PBXBuildFile; fileRef = 2F9A16CA26CAAD600003A642 /* MainViewController.swift */; };
		2F9A16CD26CAAD600003A642 /* MainViewController.xib in Resources */ = {isa = PBXBuildFile; fileRef = 2F9A16CB26CAAD600003A642 /* MainViewController.xib */; };
		2F9A16D026CAAEAA0003A642 /* TableViewCell.swift in Sources */ = {isa = PBXBuildFile; fileRef = 2F9A16CE26CAAEAA0003A642 /* TableViewCell.swift */; };
		2F9A16D126CAAEAA0003A642 /* TableViewCell.xib in Resources */ = {isa = PBXBuildFile; fileRef = 2F9A16CF26CAAEAA0003A642 /* TableViewCell.xib */; };
		2F9A16D526CAB9B70003A642 /* PokeList.swift in Sources */ = {isa = PBXBuildFile; fileRef = 2F9A16D426CAB9B70003A642 /* PokeList.swift */; };
		2F9A16D826CAD85B0003A642 /* PokemonTableViewCell.swift in Sources */ = {isa = PBXBuildFile; fileRef = 2F9A16D626CAD85B0003A642 /* PokemonTableViewCell.swift */; };
		2F9A16D926CAD85B0003A642 /* PokemonTableViewCell.xib in Resources */ = {isa = PBXBuildFile; fileRef = 2F9A16D726CAD85B0003A642 /* PokemonTableViewCell.xib */; };
/* End PBXBuildFile section */

/* Begin PBXFileReference section */
		2F69558326CC07F100C427A5 /* TypeTableViewCell.swift */ = {isa = PBXFileReference; lastKnownFileType = sourcecode.swift; path = TypeTableViewCell.swift; sourceTree = "<group>"; };
		2F69558426CC07F100C427A5 /* TypeTableViewCell.xib */ = {isa = PBXFileReference; lastKnownFileType = file.xib; path = TypeTableViewCell.xib; sourceTree = "<group>"; };
		2F9A16B326CAAD160003A642 /* tableSwift.app */ = {isa = PBXFileReference; explicitFileType = wrapper.application; includeInIndex = 0; path = tableSwift.app; sourceTree = BUILT_PRODUCTS_DIR; };
		2F9A16B626CAAD160003A642 /* AppDelegate.swift */ = {isa = PBXFileReference; lastKnownFileType = sourcecode.swift; path = AppDelegate.swift; sourceTree = "<group>"; };
		2F9A16B826CAAD160003A642 /* SceneDelegate.swift */ = {isa = PBXFileReference; lastKnownFileType = sourcecode.swift; path = SceneDelegate.swift; sourceTree = "<group>"; };
		2F9A16BF26CAAD170003A642 /* Assets.xcassets */ = {isa = PBXFileReference; lastKnownFileType = folder.assetcatalog; path = Assets.xcassets; sourceTree = "<group>"; };
		2F9A16C226CAAD170003A642 /* Base */ = {isa = PBXFileReference; lastKnownFileType = file.storyboard; name = Base; path = Base.lproj/LaunchScreen.storyboard; sourceTree = "<group>"; };
		2F9A16C426CAAD170003A642 /* Info.plist */ = {isa = PBXFileReference; lastKnownFileType = text.plist.xml; path = Info.plist; sourceTree = "<group>"; };
		2F9A16CA26CAAD600003A642 /* MainViewController.swift */ = {isa = PBXFileReference; lastKnownFileType = sourcecode.swift; path = MainViewController.swift; sourceTree = "<group>"; };
		2F9A16CB26CAAD600003A642 /* MainViewController.xib */ = {isa = PBXFileReference; lastKnownFileType = file.xib; path = MainViewController.xib; sourceTree = "<group>"; };
		2F9A16CE26CAAEAA0003A642 /* TableViewCell.swift */ = {isa = PBXFileReference; lastKnownFileType = sourcecode.swift; path = TableViewCell.swift; sourceTree = "<group>"; };
		2F9A16CF26CAAEAA0003A642 /* TableViewCell.xib */ = {isa = PBXFileReference; lastKnownFileType = file.xib; path = TableViewCell.xib; sourceTree = "<group>"; };
		2F9A16D426CAB9B70003A642 /* PokeList.swift */ = {isa = PBXFileReference; lastKnownFileType = sourcecode.swift; path = PokeList.swift; sourceTree = "<group>"; };
		2F9A16D626CAD85B0003A642 /* PokemonTableViewCell.swift */ = {isa = PBXFileReference; lastKnownFileType = sourcecode.swift; path = PokemonTableViewCell.swift; sourceTree = "<group>"; };
		2F9A16D726CAD85B0003A642 /* PokemonTableViewCell.xib */ = {isa = PBXFileReference; lastKnownFileType = file.xib; path = PokemonTableViewCell.xib; sourceTree = "<group>"; };
/* End PBXFileReference section */

/* Begin PBXFrameworksBuildPhase section */
		2F9A16B026CAAD160003A642 /* Frameworks */ = {
			isa = PBXFrameworksBuildPhase;
			buildActionMask = 2147483647;
			files = (
			);
			runOnlyForDeploymentPostprocessing = 0;
		};
/* End PBXFrameworksBuildPhase section */

/* Begin PBXGroup section */
		2F9A16AA26CAAD160003A642 = {
			isa = PBXGroup;
			children = (
				2F9A16B526CAAD160003A642 /* tableSwift */,
				2F9A16B426CAAD160003A642 /* Products */,
			);
			sourceTree = "<group>";
		};
		2F9A16B426CAAD160003A642 /* Products */ = {
			isa = PBXGroup;
			children = (
				2F9A16B326CAAD160003A642 /* tableSwift.app */,
			);
			name = Products;
			sourceTree = "<group>";
		};
		2F9A16B526CAAD160003A642 /* tableSwift */ = {
			isa = PBXGroup;
			children = (
				2F9A16B626CAAD160003A642 /* AppDelegate.swift */,
				2F9A16B826CAAD160003A642 /* SceneDelegate.swift */,
				2F9A16CA26CAAD600003A642 /* MainViewController.swift */,
				2F9A16CB26CAAD600003A642 /* MainViewController.xib */,
				2F9A16D426CAB9B70003A642 /* PokeList.swift */,
				2F9A16CE26CAAEAA0003A642 /* TableViewCell.swift */,
				2F9A16CF26CAAEAA0003A642 /* TableViewCell.xib */,
				2F9A16D626CAD85B0003A642 /* PokemonTableViewCell.swift */,
				2F9A16D726CAD85B0003A642 /* PokemonTableViewCell.xib */,
				2F69558326CC07F100C427A5 /* TypeTableViewCell.swift */,
				2F69558426CC07F100C427A5 /* TypeTableViewCell.xib */,
				2F9A16BF26CAAD170003A642 /* Assets.xcassets */,
				2F9A16C126CAAD170003A642 /* LaunchScreen.storyboard */,
				2F9A16C426CAAD170003A642 /* Info.plist */,
			);
			path = tableSwift;
			sourceTree = "<group>";
		};
/* End PBXGroup section */

/* Begin PBXNativeTarget section */
		2F9A16B226CAAD160003A642 /* tableSwift */ = {
			isa = PBXNativeTarget;
			buildConfigurationList = 2F9A16C726CAAD170003A642 /* Build configuration list for PBXNativeTarget "tableSwift" */;
			buildPhases = (
				2F9A16AF26CAAD160003A642 /* Sources */,
				2F9A16B026CAAD160003A642 /* Frameworks */,
				2F9A16B126CAAD160003A642 /* Resources */,
			);
			buildRules = (
			);
			dependencies = (
			);
			name = tableSwift;
			productName = tableSwift;
			productReference = 2F9A16B326CAAD160003A642 /* tableSwift.app */;
			productType = "com.apple.product-type.application";
		};
/* End PBXNativeTarget section */

/* Begin PBXProject section */
		2F9A16AB26CAAD160003A642 /* Project object */ = {
			isa = PBXProject;
			attributes = {
				LastSwiftUpdateCheck = 1250;
				LastUpgradeCheck = 1250;
				TargetAttributes = {
					2F9A16B226CAAD160003A642 = {
						CreatedOnToolsVersion = 12.5.1;
					};
				};
			};
			buildConfigurationList = 2F9A16AE26CAAD160003A642 /* Build configuration list for PBXProject "tableSwift" */;
			compatibilityVersion = "Xcode 9.3";
			developmentRegion = en;
			hasScannedForEncodings = 0;
			knownRegions = (
				en,
				Base,
			);
			mainGroup = 2F9A16AA26CAAD160003A642;
			productRefGroup = 2F9A16B426CAAD160003A642 /* Products */;
			projectDirPath = "";
			projectRoot = "";
			targets = (
				2F9A16B226CAAD160003A642 /* tableSwift */,
			);
		};
/* End PBXProject section */

/* Begin PBXResourcesBuildPhase section */
		2F9A16B126CAAD160003A642 /* Resources */ = {
			isa = PBXResourcesBuildPhase;
			buildActionMask = 2147483647;
			files = (
				2F9A16C326CAAD170003A642 /* LaunchScreen.storyboard in Resources */,
				2F9A16D926CAD85B0003A642 /* PokemonTableViewCell.xib in Resources */,
				2F9A16D126CAAEAA0003A642 /* TableViewCell.xib in Resources */,
				2F69558626CC07F100C427A5 /* TypeTableViewCell.xib in Resources */,
				2F9A16CD26CAAD600003A642 /* MainViewController.xib in Resources */,
				2F9A16C026CAAD170003A642 /* Assets.xcassets in Resources */,
			);
			runOnlyForDeploymentPostprocessing = 0;
		};
/* End PBXResourcesBuildPhase section */

/* Begin PBXSourcesBuildPhase section */
		2F9A16AF26CAAD160003A642 /* Sources */ = {
			isa = PBXSourcesBuildPhase;
			buildActionMask = 2147483647;
			files = (
				2F9A16CC26CAAD600003A642 /* MainViewController.swift in Sources */,
				2F9A16D526CAB9B70003A642 /* PokeList.swift in Sources */,
				2F9A16D026CAAEAA0003A642 /* TableViewCell.swift in Sources */,
				2F9A16D826CAD85B0003A642 /* PokemonTableViewCell.swift in Sources */,
				2F9A16B726CAAD160003A642 /* AppDelegate.swift in Sources */,
				2F9A16B926CAAD160003A642 /* SceneDelegate.swift in Sources */,
				2F69558526CC07F100C427A5 /* TypeTableViewCell.swift in Sources */,
			);
			runOnlyForDeploymentPostprocessing = 0;
		};
/* End PBXSourcesBuildPhase section */

/* Begin PBXVariantGroup section */
		2F9A16C126CAAD170003A642 /* LaunchScreen.storyboard */ = {
			isa = PBXVariantGroup;
			children = (
				2F9A16C226CAAD170003A642 /* Base */,
			);
			name = LaunchScreen.storyboard;
			sourceTree = "<group>";
		};
/* End PBXVariantGroup section */

/* Begin XCBuildConfiguration section */
		2F9A16C526CAAD170003A642 /* Debug */ = {
			isa = XCBuildConfiguration;
			buildSettings = {
				ALWAYS_SEARCH_USER_PATHS = NO;
				CLANG_ANALYZER_NONNULL = YES;
				CLANG_ANALYZER_NUMBER_OBJECT_CONVERSION = YES_AGGRESSIVE;
				CLANG_CXX_LANGUAGE_STANDARD = "gnu++14";
				CLANG_CXX_LIBRARY = "libc++";
				CLANG_ENABLE_MODULES = YES;
				CLANG_ENABLE_OBJC_ARC = YES;
				CLANG_ENABLE_OBJC_WEAK = YES;
				CLANG_WARN_BLOCK_CAPTURE_AUTORELEASING = YES;
				CLANG_WARN_BOOL_CONVERSION = YES;
				CLANG_WARN_COMMA = YES;
				CLANG_WARN_CONSTANT_CONVERSION = YES;
				CLANG_WARN_DEPRECATED_OBJC_IMPLEMENTATIONS = YES;
				CLANG_WARN_DIRECT_OBJC_ISA_USAGE = YES_ERROR;
				CLANG_WARN_DOCUMENTATION_COMMENTS = YES;
				CLANG_WARN_EMPTY_BODY = YES;
				CLANG_WARN_ENUM_CONVERSION = YES;
				CLANG_WARN_INFINITE_RECURSION = YES;
				CLANG_WARN_INT_CONVERSION = YES;
				CLANG_WARN_NON_LITERAL_NULL_CONVERSION = YES;
				CLANG_WARN_OBJC_IMPLICIT_RETAIN_SELF = YES;
				CLANG_WARN_OBJC_LITERAL_CONVERSION = YES;
				CLANG_WARN_OBJC_ROOT_CLASS = YES_ERROR;
				CLANG_WARN_QUOTED_INCLUDE_IN_FRAMEWORK_HEADER = YES;
				CLANG_WARN_RANGE_LOOP_ANALYSIS = YES;
				CLANG_WARN_STRICT_PROTOTYPES = YES;
				CLANG_WARN_SUSPICIOUS_MOVE = YES;
				CLANG_WARN_UNGUARDED_AVAILABILITY = YES_AGGRESSIVE;
				CLANG_WARN_UNREACHABLE_CODE = YES;
				CLANG_WARN__DUPLICATE_METHOD_MATCH = YES;
				COPY_PHASE_STRIP = NO;
				DEBUG_INFORMATION_FORMAT = dwarf;
				ENABLE_STRICT_OBJC_MSGSEND = YES;
				ENABLE_TESTABILITY = YES;
				GCC_C_LANGUAGE_STANDARD = gnu11;
				GCC_DYNAMIC_NO_PIC = NO;
				GCC_NO_COMMON_BLOCKS = YES;
				GCC_OPTIMIZATION_LEVEL = 0;
				GCC_PREPROCESSOR_DEFINITIONS = (
					"DEBUG=1",
					"$(inherited)",
				);
				GCC_WARN_64_TO_32_BIT_CONVERSION = YES;
				GCC_WARN_ABOUT_RETURN_TYPE = YES_ERROR;
				GCC_WARN_UNDECLARED_SELECTOR = YES;
				GCC_WARN_UNINITIALIZED_AUTOS = YES_AGGRESSIVE;
				GCC_WARN_UNUSED_FUNCTION = YES;
				GCC_WARN_UNUSED_VARIABLE = YES;
				IPHONEOS_DEPLOYMENT_TARGET = 14.5;
				MTL_ENABLE_DEBUG_INFO = INCLUDE_SOURCE;
				MTL_FAST_MATH = YES;
				ONLY_ACTIVE_ARCH = YES;
				SDKROOT = iphoneos;
				SWIFT_ACTIVE_COMPILATION_CONDITIONS = DEBUG;
				SWIFT_OPTIMIZATION_LEVEL = "-Onone";
			};
			name = Debug;
		};
		2F9A16C626CAAD170003A642 /* Release */ = {
			isa = XCBuildConfiguration;
			buildSettings = {
				ALWAYS_SEARCH_USER_PATHS = NO;
				CLANG_ANALYZER_NONNULL = YES;
				CLANG_ANALYZER_NUMBER_OBJECT_CONVERSION = YES_AGGRESSIVE;
				CLANG_CXX_LANGUAGE_STANDARD = "gnu++14";
				CLANG_CXX_LIBRARY = "libc++";
				CLANG_ENABLE_MODULES = YES;
				CLANG_ENABLE_OBJC_ARC = YES;
				CLANG_ENABLE_OBJC_WEAK = YES;
				CLANG_WARN_BLOCK_CAPTURE_AUTORELEASING = YES;
				CLANG_WARN_BOOL_CONVERSION = YES;
				CLANG_WARN_COMMA = YES;
				CLANG_WARN_CONSTANT_CONVERSION = YES;
				CLANG_WARN_DEPRECATED_OBJC_IMPLEMENTATIONS = YES;
				CLANG_WARN_DIRECT_OBJC_ISA_USAGE = YES_ERROR;
				CLANG_WARN_DOCUMENTATION_COMMENTS = YES;
				CLANG_WARN_EMPTY_BODY = YES;
				CLANG_WARN_ENUM_CONVERSION = YES;
				CLANG_WARN_INFINITE_RECURSION = YES;
				CLANG_WARN_INT_CONVERSION = YES;
				CLANG_WARN_NON_LITERAL_NULL_CONVERSION = YES;
				CLANG_WARN_OBJC_IMPLICIT_RETAIN_SELF = YES;
				CLANG_WARN_OBJC_LITERAL_CONVERSION = YES;
				CLANG_WARN_OBJC_ROOT_CLASS = YES_ERROR;
				CLANG_WARN_QUOTED_INCLUDE_IN_FRAMEWORK_HEADER = YES;
				CLANG_WARN_RANGE_LOOP_ANALYSIS = YES;
				CLANG_WARN_STRICT_PROTOTYPES = YES;
				CLANG_WARN_SUSPICIOUS_MOVE = YES;
				CLANG_WARN_UNGUARDED_AVAILABILITY = YES_AGGRESSIVE;
				CLANG_WARN_UNREACHABLE_CODE = YES;
				CLANG_WARN__DUPLICATE_METHOD_MATCH = YES;
				COPY_PHASE_STRIP = NO;
				DEBUG_INFORMATION_FORMAT = "dwarf-with-dsym";
				ENABLE_NS_ASSERTIONS = NO;
				ENABLE_STRICT_OBJC_MSGSEND = YES;
				GCC_C_LANGUAGE_STANDARD = gnu11;
				GCC_NO_COMMON_BLOCKS = YES;
				GCC_WARN_64_TO_32_BIT_CONVERSION = YES;
				GCC_WARN_ABOUT_RETURN_TYPE = YES_ERROR;
				GCC_WARN_UNDECLARED_SELECTOR = YES;
				GCC_WARN_UNINITIALIZED_AUTOS = YES_AGGRESSIVE;
				GCC_WARN_UNUSED_FUNCTION = YES;
				GCC_WARN_UNUSED_VARIABLE = YES;
				IPHONEOS_DEPLOYMENT_TARGET = 14.5;
				MTL_ENABLE_DEBUG_INFO = NO;
				MTL_FAST_MATH = YES;
				SDKROOT = iphoneos;
				SWIFT_COMPILATION_MODE = wholemodule;
				SWIFT_OPTIMIZATION_LEVEL = "-O";
				VALIDATE_PRODUCT = YES;
			};
			name = Release;
		};
		2F9A16C826CAAD170003A642 /* Debug */ = {
			isa = XCBuildConfiguration;
			buildSettings = {
				ASSETCATALOG_COMPILER_APPICON_NAME = AppIcon;
				ASSETCATALOG_COMPILER_GLOBAL_ACCENT_COLOR_NAME = AccentColor;
				CODE_SIGN_STYLE = Automatic;
				INFOPLIST_FILE = tableSwift/Info.plist;
				LD_RUNPATH_SEARCH_PATHS = (
					"$(inherited)",
					"@executable_path/Frameworks",
				);
				PRODUCT_BUNDLE_IDENTIFIER = com.jonasbezerra.tableSwift;
				PRODUCT_NAME = "$(TARGET_NAME)";
				SWIFT_VERSION = 5.0;
				TARGETED_DEVICE_FAMILY = "1,2";
			};
			name = Debug;
		};
		2F9A16C926CAAD170003A642 /* Release */ = {
			isa = XCBuildConfiguration;
			buildSettings = {
				ASSETCATALOG_COMPILER_APPICON_NAME = AppIcon;
				ASSETCATALOG_COMPILER_GLOBAL_ACCENT_COLOR_NAME = AccentColor;
				CODE_SIGN_STYLE = Automatic;
				INFOPLIST_FILE = tableSwift/Info.plist;
				LD_RUNPATH_SEARCH_PATHS = (
					"$(inherited)",
					"@executable_path/Frameworks",
				);
				PRODUCT_BUNDLE_IDENTIFIER = com.jonasbezerra.tableSwift;
				PRODUCT_NAME = "$(TARGET_NAME)";
				SWIFT_VERSION = 5.0;
				TARGETED_DEVICE_FAMILY = "1,2";
			};
			name = Release;
		};
/* End XCBuildConfiguration section */

/* Begin XCConfigurationList section */
		2F9A16AE26CAAD160003A642 /* Build configuration list for PBXProject "tableSwift" */ = {
			isa = XCConfigurationList;
			buildConfigurations = (
				2F9A16C526CAAD170003A642 /* Debug */,
				2F9A16C626CAAD170003A642 /* Release */,
			);
			defaultConfigurationIsVisible = 0;
			defaultConfigurationName = Release;
		};
		2F9A16C726CAAD170003A642 /* Build configuration list for PBXNativeTarget "tableSwift" */ = {
			isa = XCConfigurationList;
			buildConfigurations = (
				2F9A16C826CAAD170003A642 /* Debug */,
				2F9A16C926CAAD170003A642 /* Release */,
			);
			defaultConfigurationIsVisible = 0;
			defaultConfigurationName = Release;
		};
/* End XCConfigurationList section */
	};
	rootObject = 2F9A16AB26CAAD160003A642 /* Project object */;
}
