// !$*UTF8*$!
{
	archiveVersion = 1;
	classes = {
	};
	objectVersion = 50;
	objects = {

/* Begin PBXBuildFile section */
		2F35FF1F26C1A982008D8488 /* AppDelegate.m in Sources */ = {isa = PBXBuildFile; fileRef = 2F35FF1E26C1A982008D8488 /* AppDelegate.m */; };
		2F35FF2226C1A982008D8488 /* SceneDelegate.m in Sources */ = {isa = PBXBuildFile; fileRef = 2F35FF2126C1A982008D8488 /* SceneDelegate.m */; };
		2F35FF2A26C1A985008D8488 /* Assets.xcassets in Resources */ = {isa = PBXBuildFile; fileRef = 2F35FF2926C1A985008D8488 /* Assets.xcassets */; };
		2F35FF2D26C1A985008D8488 /* LaunchScreen.storyboard in Resources */ = {isa = PBXBuildFile; fileRef = 2F35FF2B26C1A985008D8488 /* LaunchScreen.storyboard */; };
		2F35FF3026C1A985008D8488 /* main.m in Sources */ = {isa = PBXBuildFile; fileRef = 2F35FF2F26C1A985008D8488 /* main.m */; };
		2F35FF3926C1AA97008D8488 /* MainViewController.m in Sources */ = {isa = PBXBuildFile; fileRef = 2F35FF3726C1AA97008D8488 /* MainViewController.m */; };
		2F35FF3A26C1AA97008D8488 /* MainViewController.xib in Resources */ = {isa = PBXBuildFile; fileRef = 2F35FF3826C1AA97008D8488 /* MainViewController.xib */; };
		2F35FF3E26C1AF85008D8488 /* TableViewController.m in Sources */ = {isa = PBXBuildFile; fileRef = 2F35FF3C26C1AF85008D8488 /* TableViewController.m */; };
		2F35FF3F26C1AF85008D8488 /* TableViewController.xib in Resources */ = {isa = PBXBuildFile; fileRef = 2F35FF3D26C1AF85008D8488 /* TableViewController.xib */; };
/* End PBXBuildFile section */

/* Begin PBXFileReference section */
		2F35FF1A26C1A982008D8488 /* Desafio2.app */ = {isa = PBXFileReference; explicitFileType = wrapper.application; includeInIndex = 0; path = Desafio2.app; sourceTree = BUILT_PRODUCTS_DIR; };
		2F35FF1D26C1A982008D8488 /* AppDelegate.h */ = {isa = PBXFileReference; lastKnownFileType = sourcecode.c.h; path = AppDelegate.h; sourceTree = "<group>"; };
		2F35FF1E26C1A982008D8488 /* AppDelegate.m */ = {isa = PBXFileReference; lastKnownFileType = sourcecode.c.objc; path = AppDelegate.m; sourceTree = "<group>"; };
		2F35FF2026C1A982008D8488 /* SceneDelegate.h */ = {isa = PBXFileReference; lastKnownFileType = sourcecode.c.h; path = SceneDelegate.h; sourceTree = "<group>"; };
		2F35FF2126C1A982008D8488 /* SceneDelegate.m */ = {isa = PBXFileReference; lastKnownFileType = sourcecode.c.objc; path = SceneDelegate.m; sourceTree = "<group>"; };
		2F35FF2926C1A985008D8488 /* Assets.xcassets */ = {isa = PBXFileReference; lastKnownFileType = folder.assetcatalog; path = Assets.xcassets; sourceTree = "<group>"; };
		2F35FF2C26C1A985008D8488 /* Base */ = {isa = PBXFileReference; lastKnownFileType = file.storyboard; name = Base; path = Base.lproj/LaunchScreen.storyboard; sourceTree = "<group>"; };
		2F35FF2E26C1A985008D8488 /* Info.plist */ = {isa = PBXFileReference; lastKnownFileType = text.plist.xml; path = Info.plist; sourceTree = "<group>"; };
		2F35FF2F26C1A985008D8488 /* main.m */ = {isa = PBXFileReference; lastKnownFileType = sourcecode.c.objc; path = main.m; sourceTree = "<group>"; };
		2F35FF3626C1AA97008D8488 /* MainViewController.h */ = {isa = PBXFileReference; lastKnownFileType = sourcecode.c.h; path = MainViewController.h; sourceTree = "<group>"; };
		2F35FF3726C1AA97008D8488 /* MainViewController.m */ = {isa = PBXFileReference; lastKnownFileType = sourcecode.c.objc; path = MainViewController.m; sourceTree = "<group>"; };
		2F35FF3826C1AA97008D8488 /* MainViewController.xib */ = {isa = PBXFileReference; lastKnownFileType = file.xib; path = MainViewController.xib; sourceTree = "<group>"; };
		2F35FF3B26C1AF85008D8488 /* TableViewController.h */ = {isa = PBXFileReference; lastKnownFileType = sourcecode.c.h; path = TableViewController.h; sourceTree = "<group>"; };
		2F35FF3C26C1AF85008D8488 /* TableViewController.m */ = {isa = PBXFileReference; lastKnownFileType = sourcecode.c.objc; path = TableViewController.m; sourceTree = "<group>"; };
		2F35FF3D26C1AF85008D8488 /* TableViewController.xib */ = {isa = PBXFileReference; lastKnownFileType = file.xib; path = TableViewController.xib; sourceTree = "<group>"; };
/* End PBXFileReference section */

/* Begin PBXFrameworksBuildPhase section */
		2F35FF1726C1A982008D8488 /* Frameworks */ = {
			isa = PBXFrameworksBuildPhase;
			buildActionMask = 2147483647;
			files = (
			);
			runOnlyForDeploymentPostprocessing = 0;
		};
/* End PBXFrameworksBuildPhase section */

/* Begin PBXGroup section */
		2F35FF1126C1A982008D8488 = {
			isa = PBXGroup;
			children = (
				2F35FF1C26C1A982008D8488 /* Desafio2 */,
				2F35FF1B26C1A982008D8488 /* Products */,
			);
			sourceTree = "<group>";
		};
		2F35FF1B26C1A982008D8488 /* Products */ = {
			isa = PBXGroup;
			children = (
				2F35FF1A26C1A982008D8488 /* Desafio2.app */,
			);
			name = Products;
			sourceTree = "<group>";
		};
		2F35FF1C26C1A982008D8488 /* Desafio2 */ = {
			isa = PBXGroup;
			children = (
				2F35FF1D26C1A982008D8488 /* AppDelegate.h */,
				2F35FF1E26C1A982008D8488 /* AppDelegate.m */,
				2F35FF2026C1A982008D8488 /* SceneDelegate.h */,
				2F35FF2126C1A982008D8488 /* SceneDelegate.m */,
				2F35FF3626C1AA97008D8488 /* MainViewController.h */,
				2F35FF3726C1AA97008D8488 /* MainViewController.m */,
				2F35FF3826C1AA97008D8488 /* MainViewController.xib */,
				2F35FF3B26C1AF85008D8488 /* TableViewController.h */,
				2F35FF3C26C1AF85008D8488 /* TableViewController.m */,
				2F35FF3D26C1AF85008D8488 /* TableViewController.xib */,
				2F35FF2926C1A985008D8488 /* Assets.xcassets */,
				2F35FF2B26C1A985008D8488 /* LaunchScreen.storyboard */,
				2F35FF2E26C1A985008D8488 /* Info.plist */,
				2F35FF2F26C1A985008D8488 /* main.m */,
			);
			path = Desafio2;
			sourceTree = "<group>";
		};
/* End PBXGroup section */

/* Begin PBXNativeTarget section */
		2F35FF1926C1A982008D8488 /* Desafio2 */ = {
			isa = PBXNativeTarget;
			buildConfigurationList = 2F35FF3326C1A985008D8488 /* Build configuration list for PBXNativeTarget "Desafio2" */;
			buildPhases = (
				2F35FF1626C1A982008D8488 /* Sources */,
				2F35FF1726C1A982008D8488 /* Frameworks */,
				2F35FF1826C1A982008D8488 /* Resources */,
			);
			buildRules = (
			);
			dependencies = (
			);
			name = Desafio2;
			productName = Desafio2;
			productReference = 2F35FF1A26C1A982008D8488 /* Desafio2.app */;
			productType = "com.apple.product-type.application";
		};
/* End PBXNativeTarget section */

/* Begin PBXProject section */
		2F35FF1226C1A982008D8488 /* Project object */ = {
			isa = PBXProject;
			attributes = {
				LastUpgradeCheck = 1250;
				TargetAttributes = {
					2F35FF1926C1A982008D8488 = {
						CreatedOnToolsVersion = 12.5.1;
					};
				};
			};
			buildConfigurationList = 2F35FF1526C1A982008D8488 /* Build configuration list for PBXProject "Desafio2" */;
			compatibilityVersion = "Xcode 9.3";
			developmentRegion = en;
			hasScannedForEncodings = 0;
			knownRegions = (
				en,
				Base,
			);
			mainGroup = 2F35FF1126C1A982008D8488;
			productRefGroup = 2F35FF1B26C1A982008D8488 /* Products */;
			projectDirPath = "";
			projectRoot = "";
			targets = (
				2F35FF1926C1A982008D8488 /* Desafio2 */,
			);
		};
/* End PBXProject section */

/* Begin PBXResourcesBuildPhase section */
		2F35FF1826C1A982008D8488 /* Resources */ = {
			isa = PBXResourcesBuildPhase;
			buildActionMask = 2147483647;
			files = (
				2F35FF2D26C1A985008D8488 /* LaunchScreen.storyboard in Resources */,
				2F35FF3A26C1AA97008D8488 /* MainViewController.xib in Resources */,
				2F35FF2A26C1A985008D8488 /* Assets.xcassets in Resources */,
				2F35FF3F26C1AF85008D8488 /* TableViewController.xib in Resources */,
			);
			runOnlyForDeploymentPostprocessing = 0;
		};
/* End PBXResourcesBuildPhase section */

/* Begin PBXSourcesBuildPhase section */
		2F35FF1626C1A982008D8488 /* Sources */ = {
			isa = PBXSourcesBuildPhase;
			buildActionMask = 2147483647;
			files = (
				2F35FF1F26C1A982008D8488 /* AppDelegate.m in Sources */,
				2F35FF3026C1A985008D8488 /* main.m in Sources */,
				2F35FF2226C1A982008D8488 /* SceneDelegate.m in Sources */,
				2F35FF3E26C1AF85008D8488 /* TableViewController.m in Sources */,
				2F35FF3926C1AA97008D8488 /* MainViewController.m in Sources */,
			);
			runOnlyForDeploymentPostprocessing = 0;
		};
/* End PBXSourcesBuildPhase section */

/* Begin PBXVariantGroup section */
		2F35FF2B26C1A985008D8488 /* LaunchScreen.storyboard */ = {
			isa = PBXVariantGroup;
			children = (
				2F35FF2C26C1A985008D8488 /* Base */,
			);
			name = LaunchScreen.storyboard;
			sourceTree = "<group>";
		};
/* End PBXVariantGroup section */

/* Begin XCBuildConfiguration section */
		2F35FF3126C1A985008D8488 /* Debug */ = {
			isa = XCBuildConfiguration;
			buildSettings = {
				ALWAYS_SEARCH_USER_PATHS = NO;
				CLANG_ANALYZER_NONNULL = YES;
				CLANG_ANALYZER_NUMBER_OBJECT_CONVERSION = YES_AGGRESSIVE;
				CLANG_CXX_LANGUAGE_STANDARD = "gnu++14";
				CLANG_CXX_LIBRARY = "libc++";
				CLANG_ENABLE_MODULES = YES;
				CLANG_ENABLE_OBJC_ARC = YES;
				CLANG_ENABLE_OBJC_WEAK = YES;
				CLANG_WARN_BLOCK_CAPTURE_AUTORELEASING = YES;
				CLANG_WARN_BOOL_CONVERSION = YES;
				CLANG_WARN_COMMA = YES;
				CLANG_WARN_CONSTANT_CONVERSION = YES;
				CLANG_WARN_DEPRECATED_OBJC_IMPLEMENTATIONS = YES;
				CLANG_WARN_DIRECT_OBJC_ISA_USAGE = YES_ERROR;
				CLANG_WARN_DOCUMENTATION_COMMENTS = YES;
				CLANG_WARN_EMPTY_BODY = YES;
				CLANG_WARN_ENUM_CONVERSION = YES;
				CLANG_WARN_INFINITE_RECURSION = YES;
				CLANG_WARN_INT_CONVERSION = YES;
				CLANG_WARN_NON_LITERAL_NULL_CONVERSION = YES;
				CLANG_WARN_OBJC_IMPLICIT_RETAIN_SELF = YES;
				CLANG_WARN_OBJC_LITERAL_CONVERSION = YES;
				CLANG_WARN_OBJC_ROOT_CLASS = YES_ERROR;
				CLANG_WARN_QUOTED_INCLUDE_IN_FRAMEWORK_HEADER = YES;
				CLANG_WARN_RANGE_LOOP_ANALYSIS = YES;
				CLANG_WARN_STRICT_PROTOTYPES = YES;
				CLANG_WARN_SUSPICIOUS_MOVE = YES;
				CLANG_WARN_UNGUARDED_AVAILABILITY = YES_AGGRESSIVE;
				CLANG_WARN_UNREACHABLE_CODE = YES;
				CLANG_WARN__DUPLICATE_METHOD_MATCH = YES;
				COPY_PHASE_STRIP = NO;
				DEBUG_INFORMATION_FORMAT = dwarf;
				ENABLE_STRICT_OBJC_MSGSEND = YES;
				ENABLE_TESTABILITY = YES;
				GCC_C_LANGUAGE_STANDARD = gnu11;
				GCC_DYNAMIC_NO_PIC = NO;
				GCC_NO_COMMON_BLOCKS = YES;
				GCC_OPTIMIZATION_LEVEL = 0;
				GCC_PREPROCESSOR_DEFINITIONS = (
					"DEBUG=1",
					"$(inherited)",
				);
				GCC_WARN_64_TO_32_BIT_CONVERSION = YES;
				GCC_WARN_ABOUT_RETURN_TYPE = YES_ERROR;
				GCC_WARN_UNDECLARED_SELECTOR = YES;
				GCC_WARN_UNINITIALIZED_AUTOS = YES_AGGRESSIVE;
				GCC_WARN_UNUSED_FUNCTION = YES;
				GCC_WARN_UNUSED_VARIABLE = YES;
				IPHONEOS_DEPLOYMENT_TARGET = 14.5;
				MTL_ENABLE_DEBUG_INFO = INCLUDE_SOURCE;
				MTL_FAST_MATH = YES;
				ONLY_ACTIVE_ARCH = YES;
				SDKROOT = iphoneos;
			};
			name = Debug;
		};
		2F35FF3226C1A985008D8488 /* Release */ = {
			isa = XCBuildConfiguration;
			buildSettings = {
				ALWAYS_SEARCH_USER_PATHS = NO;
				CLANG_ANALYZER_NONNULL = YES;
				CLANG_ANALYZER_NUMBER_OBJECT_CONVERSION = YES_AGGRESSIVE;
				CLANG_CXX_LANGUAGE_STANDARD = "gnu++14";
				CLANG_CXX_LIBRARY = "libc++";
				CLANG_ENABLE_MODULES = YES;
				CLANG_ENABLE_OBJC_ARC = YES;
				CLANG_ENABLE_OBJC_WEAK = YES;
				CLANG_WARN_BLOCK_CAPTURE_AUTORELEASING = YES;
				CLANG_WARN_BOOL_CONVERSION = YES;
				CLANG_WARN_COMMA = YES;
				CLANG_WARN_CONSTANT_CONVERSION = YES;
				CLANG_WARN_DEPRECATED_OBJC_IMPLEMENTATIONS = YES;
				CLANG_WARN_DIRECT_OBJC_ISA_USAGE = YES_ERROR;
				CLANG_WARN_DOCUMENTATION_COMMENTS = YES;
				CLANG_WARN_EMPTY_BODY = YES;
				CLANG_WARN_ENUM_CONVERSION = YES;
				CLANG_WARN_INFINITE_RECURSION = YES;
				CLANG_WARN_INT_CONVERSION = YES;
				CLANG_WARN_NON_LITERAL_NULL_CONVERSION = YES;
				CLANG_WARN_OBJC_IMPLICIT_RETAIN_SELF = YES;
				CLANG_WARN_OBJC_LITERAL_CONVERSION = YES;
				CLANG_WARN_OBJC_ROOT_CLASS = YES_ERROR;
				CLANG_WARN_QUOTED_INCLUDE_IN_FRAMEWORK_HEADER = YES;
				CLANG_WARN_RANGE_LOOP_ANALYSIS = YES;
				CLANG_WARN_STRICT_PROTOTYPES = YES;
				CLANG_WARN_SUSPICIOUS_MOVE = YES;
				CLANG_WARN_UNGUARDED_AVAILABILITY = YES_AGGRESSIVE;
				CLANG_WARN_UNREACHABLE_CODE = YES;
				CLANG_WARN__DUPLICATE_METHOD_MATCH = YES;
				COPY_PHASE_STRIP = NO;
				DEBUG_INFORMATION_FORMAT = "dwarf-with-dsym";
				ENABLE_NS_ASSERTIONS = NO;
				ENABLE_STRICT_OBJC_MSGSEND = YES;
				GCC_C_LANGUAGE_STANDARD = gnu11;
				GCC_NO_COMMON_BLOCKS = YES;
				GCC_WARN_64_TO_32_BIT_CONVERSION = YES;
				GCC_WARN_ABOUT_RETURN_TYPE = YES_ERROR;
				GCC_WARN_UNDECLARED_SELECTOR = YES;
				GCC_WARN_UNINITIALIZED_AUTOS = YES_AGGRESSIVE;
				GCC_WARN_UNUSED_FUNCTION = YES;
				GCC_WARN_UNUSED_VARIABLE = YES;
				IPHONEOS_DEPLOYMENT_TARGET = 14.5;
				MTL_ENABLE_DEBUG_INFO = NO;
				MTL_FAST_MATH = YES;
				SDKROOT = iphoneos;
				VALIDATE_PRODUCT = YES;
			};
			name = Release;
		};
		2F35FF3426C1A985008D8488 /* Debug */ = {
			isa = XCBuildConfiguration;
			buildSettings = {
				ASSETCATALOG_COMPILER_APPICON_NAME = AppIcon;
				ASSETCATALOG_COMPILER_GLOBAL_ACCENT_COLOR_NAME = AccentColor;
				CODE_SIGN_STYLE = Automatic;
				INFOPLIST_FILE = Desafio2/Info.plist;
				LD_RUNPATH_SEARCH_PATHS = (
					"$(inherited)",
					"@executable_path/Frameworks",
				);
				PRODUCT_BUNDLE_IDENTIFIER = com.jonasbezerra.Desafio2;
				PRODUCT_NAME = "$(TARGET_NAME)";
				TARGETED_DEVICE_FAMILY = "1,2";
			};
			name = Debug;
		};
		2F35FF3526C1A985008D8488 /* Release */ = {
			isa = XCBuildConfiguration;
			buildSettings = {
				ASSETCATALOG_COMPILER_APPICON_NAME = AppIcon;
				ASSETCATALOG_COMPILER_GLOBAL_ACCENT_COLOR_NAME = AccentColor;
				CODE_SIGN_STYLE = Automatic;
				INFOPLIST_FILE = Desafio2/Info.plist;
				LD_RUNPATH_SEARCH_PATHS = (
					"$(inherited)",
					"@executable_path/Frameworks",
				);
				PRODUCT_BUNDLE_IDENTIFIER = com.jonasbezerra.Desafio2;
				PRODUCT_NAME = "$(TARGET_NAME)";
				TARGETED_DEVICE_FAMILY = "1,2";
			};
			name = Release;
		};
/* End XCBuildConfiguration section */

/* Begin XCConfigurationList section */
		2F35FF1526C1A982008D8488 /* Build configuration list for PBXProject "Desafio2" */ = {
			isa = XCConfigurationList;
			buildConfigurations = (
				2F35FF3126C1A985008D8488 /* Debug */,
				2F35FF3226C1A985008D8488 /* Release */,
			);
			defaultConfigurationIsVisible = 0;
			defaultConfigurationName = Release;
		};
		2F35FF3326C1A985008D8488 /* Build configuration list for PBXNativeTarget "Desafio2" */ = {
			isa = XCConfigurationList;
			buildConfigurations = (
				2F35FF3426C1A985008D8488 /* Debug */,
				2F35FF3526C1A985008D8488 /* Release */,
			);
			defaultConfigurationIsVisible = 0;
			defaultConfigurationName = Release;
		};
/* End XCConfigurationList section */
	};
	rootObject = 2F35FF1226C1A982008D8488 /* Project object */;
}
